
Microsoft Visual Studio Solution File, Format Version 11.00
# Visual Studio 2010
Project("{FAE04EC0-301F-11D3-BF4B-00C04F79EFBC}") = "SurfaceApp", "SurfaceApp\SurfaceApp.csproj", "{57083EAD-B53B-437C-96A4-A98B22882047}"
EndProject
Project("{54435603-DBB4-11D2-8724-00A0C9A8B90C}") = "Anne Frank", "Anne Frank\Anne Frank.vdproj", "{440FD529-7C2C-4B0F-9671-C7FE742F7C31}"
EndProject
Global
	GlobalSection(SolutionConfigurationPlatforms) = preSolution
		Debug|Any CPU = Debug|Any CPU
		Debug|x86 = Debug|x86
		Release|Any CPU = Release|Any CPU
		Release|x86 = Release|x86
	EndGlobalSection
	GlobalSection(ProjectConfigurationPlatforms) = postSolution
		{57083EAD-B53B-437C-96A4-A98B22882047}.Debug|Any CPU.ActiveCfg = Debug|Any CPU
		{57083EAD-B53B-437C-96A4-A98B22882047}.Debug|Any CPU.Build.0 = Debug|Any CPU
		{57083EAD-B53B-437C-96A4-A98B22882047}.Debug|x86.ActiveCfg = Release|x86
		{57083EAD-B53B-437C-96A4-A98B22882047}.Debug|x86.Build.0 = Release|x86
		{57083EAD-B53B-437C-96A4-A98B22882047}.Release|Any CPU.ActiveCfg = Release|Any CPU
		{57083EAD-B53B-437C-96A4-A98B22882047}.Release|Any CPU.Build.0 = Release|Any CPU
		{57083EAD-B53B-437C-96A4-A98B22882047}.Release|x86.ActiveCfg = Release|x86
		{57083EAD-B53B-437C-96A4-A98B22882047}.Release|x86.Build.0 = Release|x86
		{440FD529-7C2C-4B0F-9671-C7FE742F7C31}.Debug|Any CPU.ActiveCfg = Debug
		{440FD529-7C2C-4B0F-9671-C7FE742F7C31}.Debug|x86.ActiveCfg = Debug
		{440FD529-7C2C-4B0F-9671-C7FE742F7C31}.Debug|x86.Build.0 = Debug
		{440FD529-7C2C-4B0F-9671-C7FE742F7C31}.Release|Any CPU.ActiveCfg = Release
		{440FD529-7C2C-4B0F-9671-C7FE742F7C31}.Release|x86.ActiveCfg = Release
	EndGlobalSection
	GlobalSection(SolutionProperties) = preSolution
		HideSolutionNode = FALSE
	EndGlobalSection
EndGlobal
